{
  "nodes": {
    "adocweave": {
      "inputs": {
        "nixpkgs": [
          "nixpkgs"
        ],
        "rust-overlay": [
          "rust-overlay"
        ]
      },
      "locked": {
        "lastModified": 1787560037,
        "narHash": "sha256-QlqWAlkHL00wU5OOrUHmwdBjsY4WRcq7rFNypaquJg0=",
        "owner": "KeishiS",
        "repo": "adocweave",
        "rev": "f45bcd41199e6cb6471fe760ab51883751ba76b7",
        "type": "github"
      },
      "original": {
        "owner": "KeishiS",
        "repo": "adocweave",
        "rev": "f45bcd41199e6cb6471fe760ab51883751ba76b7",
        "type": "github"
      }
    },
    "nixpkgs": {
      "locked": {
        "lastModified": 1787498568,
        "narHash": "sha256-9i/VTdusq/+NM/tz+J1Re+ojkMB8MBf0QshnYfzHz30=",
        "owner": "NixOS",
        "repo": "nixpkgs",
        "rev": "56c02bc00adcf003215cc4bd996d6efaf4cff188",
        "type": "github"
      },
      "original": {
        "owner": "NixOS",
        "ref": "nixos-unstable",
        "repo": "nixpkgs",
        "type": "github"
      }
    },
    "root": {
      "inputs": {
        "adocweave": "adocweave",
        "nixpkgs": "nixpkgs",
        "rust-overlay": "rust-overlay"
      }
    },
    "rust-overlay": {
      "inputs": {
        "nixpkgs": [
          "nixpkgs"
        ]
      },
      "locked": {
        "lastModified": 1784784641,
        "narHash": "sha256-F8/6twaXdW5dOHgLt1sO62fygfA3aKiYlEmnnIxzpTU=",
        "owner": "oxalica",
        "repo": "rust-overlay",
        "rev": "19a19f3921ae195f2fbd85f5dc57e6d1df63aa0b",
        "type": "github"
      },
      "original": {
        "owner": "oxalica",
        "repo": "rust-overlay",
        "type": "github"
      }
    }
  },
  "root": "root",
  "version": 7
}
